PODS:
  - Canvas (0.1.2)
  - lottie-ios (3.2.1)

DEPENDENCIES:
  - Canvas
  - lottie-ios

SPEC REPOS:
  trunk:
    - Canvas
    - lottie-ios

SPEC CHECKSUMS:
  Canvas: eb861e3b555d032648146c8ffda1a5dea40059ca
  lottie-ios: 106e92eaf11fbed0a76590b4cdb9b5ec26123ff7

PODFILE CHECKSUM: bd15dcc2f364c4b3565d8959e2d9ab8f1235ef3e

COCOAPODS: 1.10.0
