// !$*UTF8*$!
{
	archiveVersion = 1;
	classes = {
	};
	objectVersion = 51;
	objects = {

/* Begin PBXBuildFile section */
		9F5678ACCC7C02C33F5BEB06 /* Pods_Slot_Machine_Part_02_v2.framework in Frameworks */ = {isa = PBXBuildFile; fileRef = 50386A2E9BE222E05CC09677 /* Pods_Slot_Machine_Part_02_v2.framework */; };
		EB156AC025DA19EC002BCFEF /* HelpViewController.swift in Sources */ = {isa = PBXBuildFile; fileRef = EB156ABF25DA19EC002BCFEF /* HelpViewController.swift */; };
		EBC1DD5D25D8187E009BD660 /* AppDelegate.swift in Sources */ = {isa = PBXBuildFile; fileRef = EBC1DD5C25D8187E009BD660 /* AppDelegate.swift */; };
		EBC1DD5F25D8187E009BD660 /* SceneDelegate.swift in Sources */ = {isa = PBXBuildFile; fileRef = EBC1DD5E25D8187E009BD660 /* SceneDelegate.swift */; };
		EBC1DD6125D8187E009BD660 /* ViewController.swift in Sources */ = {isa = PBXBuildFile; fileRef = EBC1DD6025D8187E009BD660 /* ViewController.swift */; };
		EBC1DD6425D8187E009BD660 /* Main.storyboard in Resources */ = {isa = PBXBuildFile; fileRef = EBC1DD6225D8187E009BD660 /* Main.storyboard */; };
		EBC1DD6625D81881009BD660 /* Assets.xcassets in Resources */ = {isa = PBXBuildFile; fileRef = EBC1DD6525D81881009BD660 /* Assets.xcassets */; };
		EBC1DD6925D81881009BD660 /* LaunchScreen.storyboard in Resources */ = {isa = PBXBuildFile; fileRef = EBC1DD6725D81881009BD660 /* LaunchScreen.storyboard */; };
		EBC1DD7725D81EEC009BD660 /* win-tag.json in Resources */ = {isa = PBXBuildFile; fileRef = EBC1DD7625D81EEC009BD660 /* win-tag.json */; };
		EBC1DD7A25D82A34009BD660 /* stars-winner.json in Resources */ = {isa = PBXBuildFile; fileRef = EBC1DD7925D82A34009BD660 /* stars-winner.json */; };
		EBC1DD7D25D85E71009BD660 /* fireworks-display.json in Resources */ = {isa = PBXBuildFile; fileRef = EBC1DD7C25D85E71009BD660 /* fireworks-display.json */; };
		EBC1DD8725D8648A009BD660 /* chimeup.mp3 in Resources */ = {isa = PBXBuildFile; fileRef = EBC1DD7F25D86487009BD660 /* chimeup.mp3 */; };
		EBC1DD8825D8648A009BD660 /* riseup.mp3 in Resources */ = {isa = PBXBuildFile; fileRef = EBC1DD8025D86488009BD660 /* riseup.mp3 */; };
		EBC1DD8925D8648A009BD660 /* high-score.mp3 in Resources */ = {isa = PBXBuildFile; fileRef = EBC1DD8125D86488009BD660 /* high-score.mp3 */; };
		EBC1DD8B25D8648A009BD660 /* game-over.mp3 in Resources */ = {isa = PBXBuildFile; fileRef = EBC1DD8325D86489009BD660 /* game-over.mp3 */; };
		EBC1DD8C25D8648A009BD660 /* win.mp3 in Resources */ = {isa = PBXBuildFile; fileRef = EBC1DD8425D86489009BD660 /* win.mp3 */; };
		EBC1DD8D25D8648A009BD660 /* casino-chips.mp3 in Resources */ = {isa = PBXBuildFile; fileRef = EBC1DD8525D86489009BD660 /* casino-chips.mp3 */; };
		EBC1DD8E25D8648A009BD660 /* spin.mp3 in Resources */ = {isa = PBXBuildFile; fileRef = EBC1DD8625D8648A009BD660 /* spin.mp3 */; };
		EBC1DD9525D8886A009BD660 /* coin-collect.json in Resources */ = {isa = PBXBuildFile; fileRef = EBC1DD9425D8886A009BD660 /* coin-collect.json */; };
		EBC1DD9E25D8B594009BD660 /* slot-machine.mp3 in Resources */ = {isa = PBXBuildFile; fileRef = EBC1DD9D25D8B594009BD660 /* slot-machine.mp3 */; };
		EBC1DDA425D8BFE2009BD660 /* coin-collect.mp3 in Resources */ = {isa = PBXBuildFile; fileRef = EBC1DDA325D8BFE1009BD660 /* coin-collect.mp3 */; };
/* End PBXBuildFile section */

/* Begin PBXFileReference section */
		2D68F3C6CD6629A215E537C7 /* Pods-Slot-Machine-Part-02_v2.release.xcconfig */ = {isa = PBXFileReference; includeInIndex = 1; lastKnownFileType = text.xcconfig; name = "Pods-Slot-Machine-Part-02_v2.release.xcconfig"; path = "Target Support Files/Pods-Slot-Machine-Part-02_v2/Pods-Slot-Machine-Part-02_v2.release.xcconfig"; sourceTree = "<group>"; };
		50386A2E9BE222E05CC09677 /* Pods_Slot_Machine_Part_02_v2.framework */ = {isa = PBXFileReference; explicitFileType = wrapper.framework; includeInIndex = 0; path = Pods_Slot_Machine_Part_02_v2.framework; sourceTree = BUILT_PRODUCTS_DIR; };
		5C31FB00494822C281C3FD17 /* Pods-Slot-Machine-Part-02_v2.debug.xcconfig */ = {isa = PBXFileReference; includeInIndex = 1; lastKnownFileType = text.xcconfig; name = "Pods-Slot-Machine-Part-02_v2.debug.xcconfig"; path = "Target Support Files/Pods-Slot-Machine-Part-02_v2/Pods-Slot-Machine-Part-02_v2.debug.xcconfig"; sourceTree = "<group>"; };
		EB156ABF25DA19EC002BCFEF /* HelpViewController.swift */ = {isa = PBXFileReference; lastKnownFileType = sourcecode.swift; path = HelpViewController.swift; sourceTree = "<group>"; };
		EBC1DD5925D8187E009BD660 /* Slot-Machine-Part-02_v2.app */ = {isa = PBXFileReference; explicitFileType = wrapper.application; includeInIndex = 0; path = "Slot-Machine-Part-02_v2.app"; sourceTree = BUILT_PRODUCTS_DIR; };
		EBC1DD5C25D8187E009BD660 /* AppDelegate.swift */ = {isa = PBXFileReference; lastKnownFileType = sourcecode.swift; path = AppDelegate.swift; sourceTree = "<group>"; };
		EBC1DD5E25D8187E009BD660 /* SceneDelegate.swift */ = {isa = PBXFileReference; lastKnownFileType = sourcecode.swift; path = SceneDelegate.swift; sourceTree = "<group>"; };
		EBC1DD6025D8187E009BD660 /* ViewController.swift */ = {isa = PBXFileReference; lastKnownFileType = sourcecode.swift; path = ViewController.swift; sourceTree = "<group>"; };
		EBC1DD6325D8187E009BD660 /* Base */ = {isa = PBXFileReference; lastKnownFileType = file.storyboard; name = Base; path = Base.lproj/Main.storyboard; sourceTree = "<group>"; };
		EBC1DD6525D81881009BD660 /* Assets.xcassets */ = {isa = PBXFileReference; lastKnownFileType = folder.assetcatalog; path = Assets.xcassets; sourceTree = "<group>"; };
		EBC1DD6825D81881009BD660 /* Base */ = {isa = PBXFileReference; lastKnownFileType = file.storyboard; name = Base; path = Base.lproj/LaunchScreen.storyboard; sourceTree = "<group>"; };
		EBC1DD6A25D81881009BD660 /* Info.plist */ = {isa = PBXFileReference; lastKnownFileType = text.plist.xml; path = Info.plist; sourceTree = "<group>"; };
		EBC1DD7625D81EEC009BD660 /* win-tag.json */ = {isa = PBXFileReference; fileEncoding = 4; lastKnownFileType = text.json; path = "win-tag.json"; sourceTree = "<group>"; };
		EBC1DD7925D82A34009BD660 /* stars-winner.json */ = {isa = PBXFileReference; fileEncoding = 4; lastKnownFileType = text.json; path = "stars-winner.json"; sourceTree = "<group>"; };
		EBC1DD7C25D85E71009BD660 /* fireworks-display.json */ = {isa = PBXFileReference; fileEncoding = 4; lastKnownFileType = text.json; path = "fireworks-display.json"; sourceTree = "<group>"; };
		EBC1DD7F25D86487009BD660 /* chimeup.mp3 */ = {isa = PBXFileReference; lastKnownFileType = audio.mp3; path = chimeup.mp3; sourceTree = "<group>"; };
		EBC1DD8025D86488009BD660 /* riseup.mp3 */ = {isa = PBXFileReference; lastKnownFileType = audio.mp3; path = riseup.mp3; sourceTree = "<group>"; };
		EBC1DD8125D86488009BD660 /* high-score.mp3 */ = {isa = PBXFileReference; lastKnownFileType = audio.mp3; path = "high-score.mp3"; sourceTree = "<group>"; };
		EBC1DD8325D86489009BD660 /* game-over.mp3 */ = {isa = PBXFileReference; lastKnownFileType = audio.mp3; path = "game-over.mp3"; sourceTree = "<group>"; };
		EBC1DD8425D86489009BD660 /* win.mp3 */ = {isa = PBXFileReference; lastKnownFileType = audio.mp3; path = win.mp3; sourceTree = "<group>"; };
		EBC1DD8525D86489009BD660 /* casino-chips.mp3 */ = {isa = PBXFileReference; lastKnownFileType = audio.mp3; path = "casino-chips.mp3"; sourceTree = "<group>"; };
		EBC1DD8625D8648A009BD660 /* spin.mp3 */ = {isa = PBXFileReference; lastKnownFileType = audio.mp3; path = spin.mp3; sourceTree = "<group>"; };
		EBC1DD9425D8886A009BD660 /* coin-collect.json */ = {isa = PBXFileReference; fileEncoding = 4; lastKnownFileType = text.json; path = "coin-collect.json"; sourceTree = "<group>"; };
		EBC1DD9D25D8B594009BD660 /* slot-machine.mp3 */ = {isa = PBXFileReference; lastKnownFileType = audio.mp3; path = "slot-machine.mp3"; sourceTree = "<group>"; };
		EBC1DDA325D8BFE1009BD660 /* coin-collect.mp3 */ = {isa = PBXFileReference; lastKnownFileType = audio.mp3; path = "coin-collect.mp3"; sourceTree = "<group>"; };
/* End PBXFileReference section */

/* Begin PBXFrameworksBuildPhase section */
		EBC1DD5625D8187E009BD660 /* Frameworks */ = {
			isa = PBXFrameworksBuildPhase;
			buildActionMask = 2147483647;
			files = (
				9F5678ACCC7C02C33F5BEB06 /* Pods_Slot_Machine_Part_02_v2.framework in Frameworks */,
			);
			runOnlyForDeploymentPostprocessing = 0;
		};
/* End PBXFrameworksBuildPhase section */

/* Begin PBXGroup section */
		2A2B07DCD88E4AEB8AB883E9 /* Frameworks */ = {
			isa = PBXGroup;
			children = (
				50386A2E9BE222E05CC09677 /* Pods_Slot_Machine_Part_02_v2.framework */,
			);
			name = Frameworks;
			sourceTree = "<group>";
		};
		4EC8B7A63F6C7D9F1FFE5E10 /* Pods */ = {
			isa = PBXGroup;
			children = (
				5C31FB00494822C281C3FD17 /* Pods-Slot-Machine-Part-02_v2.debug.xcconfig */,
				2D68F3C6CD6629A215E537C7 /* Pods-Slot-Machine-Part-02_v2.release.xcconfig */,
			);
			path = Pods;
			sourceTree = "<group>";
		};
		EB1FAB6525D9FAEC00388AC7 /* assets */ = {
			isa = PBXGroup;
			children = (
				EBC1DD7F25D86487009BD660 /* chimeup.mp3 */,
				EBC1DD8525D86489009BD660 /* casino-chips.mp3 */,
				EBC1DD8325D86489009BD660 /* game-over.mp3 */,
				EBC1DD8125D86488009BD660 /* high-score.mp3 */,
				EBC1DD8025D86488009BD660 /* riseup.mp3 */,
				EBC1DDA325D8BFE1009BD660 /* coin-collect.mp3 */,
				EBC1DD8625D8648A009BD660 /* spin.mp3 */,
				EBC1DD8425D86489009BD660 /* win.mp3 */,
				EBC1DD9D25D8B594009BD660 /* slot-machine.mp3 */,
				EBC1DD7C25D85E71009BD660 /* fireworks-display.json */,
				EBC1DD9425D8886A009BD660 /* coin-collect.json */,
				EBC1DD7925D82A34009BD660 /* stars-winner.json */,
				EBC1DD7625D81EEC009BD660 /* win-tag.json */,
			);
			path = assets;
			sourceTree = "<group>";
		};
		EBC1DD5025D8187E009BD660 = {
			isa = PBXGroup;
			children = (
				EBC1DD5B25D8187E009BD660 /* Slot-Machine-Part-02_v2 */,
				EBC1DD5A25D8187E009BD660 /* Products */,
				4EC8B7A63F6C7D9F1FFE5E10 /* Pods */,
				2A2B07DCD88E4AEB8AB883E9 /* Frameworks */,
			);
			sourceTree = "<group>";
		};
		EBC1DD5A25D8187E009BD660 /* Products */ = {
			isa = PBXGroup;
			children = (
				EBC1DD5925D8187E009BD660 /* Slot-Machine-Part-02_v2.app */,
			);
			name = Products;
			sourceTree = "<group>";
		};
		EBC1DD5B25D8187E009BD660 /* Slot-Machine-Part-02_v2 */ = {
			isa = PBXGroup;
			children = (
				EB1FAB6525D9FAEC00388AC7 /* assets */,
				EBC1DD5C25D8187E009BD660 /* AppDelegate.swift */,
				EBC1DD5E25D8187E009BD660 /* SceneDelegate.swift */,
				EBC1DD6025D8187E009BD660 /* ViewController.swift */,
				EBC1DD6225D8187E009BD660 /* Main.storyboard */,
				EBC1DD6525D81881009BD660 /* Assets.xcassets */,
				EBC1DD6725D81881009BD660 /* LaunchScreen.storyboard */,
				EBC1DD6A25D81881009BD660 /* Info.plist */,
				EB156ABF25DA19EC002BCFEF /* HelpViewController.swift */,
			);
			path = "Slot-Machine-Part-02_v2";
			sourceTree = "<group>";
		};
/* End PBXGroup section */

/* Begin PBXNativeTarget section */
		EBC1DD5825D8187E009BD660 /* Slot-Machine-Part-02_v2 */ = {
			isa = PBXNativeTarget;
			buildConfigurationList = EBC1DD6D25D81881009BD660 /* Build configuration list for PBXNativeTarget "Slot-Machine-Part-02_v2" */;
			buildPhases = (
				F4E7810EB4516C65132CE1D1 /* [CP] Check Pods Manifest.lock */,
				EBC1DD5525D8187E009BD660 /* Sources */,
				EBC1DD5625D8187E009BD660 /* Frameworks */,
				EBC1DD5725D8187E009BD660 /* Resources */,
				47A62A31CFFD3EC83F6089DB /* [CP] Embed Pods Frameworks */,
			);
			buildRules = (
			);
			dependencies = (
			);
			name = "Slot-Machine-Part-02_v2";
			productName = "Slot-Machine-Part-02_v2";
			productReference = EBC1DD5925D8187E009BD660 /* Slot-Machine-Part-02_v2.app */;
			productType = "com.apple.product-type.application";
		};
/* End PBXNativeTarget section */

/* Begin PBXProject section */
		EBC1DD5125D8187E009BD660 /* Project object */ = {
			isa = PBXProject;
			attributes = {
				LastSwiftUpdateCheck = 1230;
				LastUpgradeCheck = 1230;
				TargetAttributes = {
					EBC1DD5825D8187E009BD660 = {
						CreatedOnToolsVersion = 12.3;
					};
				};
			};
			buildConfigurationList = EBC1DD5425D8187E009BD660 /* Build configuration list for PBXProject "Slot-Machine-Part-02_v2" */;
			compatibilityVersion = "Xcode 9.3";
			developmentRegion = en;
			hasScannedForEncodings = 0;
			knownRegions = (
				en,
				Base,
			);
			mainGroup = EBC1DD5025D8187E009BD660;
			productRefGroup = EBC1DD5A25D8187E009BD660 /* Products */;
			projectDirPath = "";
			projectRoot = "";
			targets = (
				EBC1DD5825D8187E009BD660 /* Slot-Machine-Part-02_v2 */,
			);
		};
/* End PBXProject section */

/* Begin PBXResourcesBuildPhase section */
		EBC1DD5725D8187E009BD660 /* Resources */ = {
			isa = PBXResourcesBuildPhase;
			buildActionMask = 2147483647;
			files = (
				EBC1DD8825D8648A009BD660 /* riseup.mp3 in Resources */,
				EBC1DD7A25D82A34009BD660 /* stars-winner.json in Resources */,
				EBC1DD9E25D8B594009BD660 /* slot-machine.mp3 in Resources */,
				EBC1DD8D25D8648A009BD660 /* casino-chips.mp3 in Resources */,
				EBC1DD9525D8886A009BD660 /* coin-collect.json in Resources */,
				EBC1DD8C25D8648A009BD660 /* win.mp3 in Resources */,
				EBC1DD6925D81881009BD660 /* LaunchScreen.storyboard in Resources */,
				EBC1DD8725D8648A009BD660 /* chimeup.mp3 in Resources */,
				EBC1DDA425D8BFE2009BD660 /* coin-collect.mp3 in Resources */,
				EBC1DD6625D81881009BD660 /* Assets.xcassets in Resources */,
				EBC1DD8B25D8648A009BD660 /* game-over.mp3 in Resources */,
				EBC1DD7D25D85E71009BD660 /* fireworks-display.json in Resources */,
				EBC1DD8E25D8648A009BD660 /* spin.mp3 in Resources */,
				EBC1DD6425D8187E009BD660 /* Main.storyboard in Resources */,
				EBC1DD7725D81EEC009BD660 /* win-tag.json in Resources */,
				EBC1DD8925D8648A009BD660 /* high-score.mp3 in Resources */,
			);
			runOnlyForDeploymentPostprocessing = 0;
		};
/* End PBXResourcesBuildPhase section */

/* Begin PBXShellScriptBuildPhase section */
		47A62A31CFFD3EC83F6089DB /* [CP] Embed Pods Frameworks */ = {
			isa = PBXShellScriptBuildPhase;
			buildActionMask = 2147483647;
			files = (
			);
			inputFileListPaths = (
				"${PODS_ROOT}/Target Support Files/Pods-Slot-Machine-Part-02_v2/Pods-Slot-Machine-Part-02_v2-frameworks-${CONFIGURATION}-input-files.xcfilelist",
			);
			name = "[CP] Embed Pods Frameworks";
			outputFileListPaths = (
				"${PODS_ROOT}/Target Support Files/Pods-Slot-Machine-Part-02_v2/Pods-Slot-Machine-Part-02_v2-frameworks-${CONFIGURATION}-output-files.xcfilelist",
			);
			runOnlyForDeploymentPostprocessing = 0;
			shellPath = /bin/sh;
			shellScript = "\"${PODS_ROOT}/Target Support Files/Pods-Slot-Machine-Part-02_v2/Pods-Slot-Machine-Part-02_v2-frameworks.sh\"\n";
			showEnvVarsInLog = 0;
		};
		F4E7810EB4516C65132CE1D1 /* [CP] Check Pods Manifest.lock */ = {
			isa = PBXShellScriptBuildPhase;
			buildActionMask = 2147483647;
			files = (
			);
			inputFileListPaths = (
			);
			inputPaths = (
				"${PODS_PODFILE_DIR_PATH}/Podfile.lock",
				"${PODS_ROOT}/Manifest.lock",
			);
			name = "[CP] Check Pods Manifest.lock";
			outputFileListPaths = (
			);
			outputPaths = (
				"$(DERIVED_FILE_DIR)/Pods-Slot-Machine-Part-02_v2-checkManifestLockResult.txt",
			);
			runOnlyForDeploymentPostprocessing = 0;
			shellPath = /bin/sh;
			shellScript = "diff \"${PODS_PODFILE_DIR_PATH}/Podfile.lock\" \"${PODS_ROOT}/Manifest.lock\" > /dev/null\nif [ $? != 0 ] ; then\n    # print error to STDERR\n    echo \"error: The sandbox is not in sync with the Podfile.lock. Run 'pod install' or update your CocoaPods installation.\" >&2\n    exit 1\nfi\n# This output is used by Xcode 'outputs' to avoid re-running this script phase.\necho \"SUCCESS\" > \"${SCRIPT_OUTPUT_FILE_0}\"\n";
			showEnvVarsInLog = 0;
		};
/* End PBXShellScriptBuildPhase section */

/* Begin PBXSourcesBuildPhase section */
		EBC1DD5525D8187E009BD660 /* Sources */ = {
			isa = PBXSourcesBuildPhase;
			buildActionMask = 2147483647;
			files = (
				EBC1DD6125D8187E009BD660 /* ViewController.swift in Sources */,
				EBC1DD5D25D8187E009BD660 /* AppDelegate.swift in Sources */,
				EBC1DD5F25D8187E009BD660 /* SceneDelegate.swift in Sources */,
				EB156AC025DA19EC002BCFEF /* HelpViewController.swift in Sources */,
			);
			runOnlyForDeploymentPostprocessing = 0;
		};
/* End PBXSourcesBuildPhase section */

/* Begin PBXVariantGroup section */
		EBC1DD6225D8187E009BD660 /* Main.storyboard */ = {
			isa = PBXVariantGroup;
			children = (
				EBC1DD6325D8187E009BD660 /* Base */,
			);
			name = Main.storyboard;
			sourceTree = "<group>";
		};
		EBC1DD6725D81881009BD660 /* LaunchScreen.storyboard */ = {
			isa = PBXVariantGroup;
			children = (
				EBC1DD6825D81881009BD660 /* Base */,
			);
			name = LaunchScreen.storyboard;
			sourceTree = "<group>";
		};
/* End PBXVariantGroup section */

/* Begin XCBuildConfiguration section */
		EBC1DD6B25D81881009BD660 /* Debug */ = {
			isa = XCBuildConfiguration;
			buildSettings = {
				ALWAYS_SEARCH_USER_PATHS = NO;
				CLANG_ANALYZER_NONNULL = YES;
				CLANG_ANALYZER_NUMBER_OBJECT_CONVERSION = YES_AGGRESSIVE;
				CLANG_CXX_LANGUAGE_STANDARD = "gnu++14";
				CLANG_CXX_LIBRARY = "libc++";
				CLANG_ENABLE_MODULES = YES;
				CLANG_ENABLE_OBJC_ARC = YES;
				CLANG_ENABLE_OBJC_WEAK = YES;
				CLANG_WARN_BLOCK_CAPTURE_AUTORELEASING = YES;
				CLANG_WARN_BOOL_CONVERSION = YES;
				CLANG_WARN_COMMA = YES;
				CLANG_WARN_CONSTANT_CONVERSION = YES;
				CLANG_WARN_DEPRECATED_OBJC_IMPLEMENTATIONS = YES;
				CLANG_WARN_DIRECT_OBJC_ISA_USAGE = YES_ERROR;
				CLANG_WARN_DOCUMENTATION_COMMENTS = YES;
				CLANG_WARN_EMPTY_BODY = YES;
				CLANG_WARN_ENUM_CONVERSION = YES;
				CLANG_WARN_INFINITE_RECURSION = YES;
				CLANG_WARN_INT_CONVERSION = YES;
				CLANG_WARN_NON_LITERAL_NULL_CONVERSION = YES;
				CLANG_WARN_OBJC_IMPLICIT_RETAIN_SELF = YES;
				CLANG_WARN_OBJC_LITERAL_CONVERSION = YES;
				CLANG_WARN_OBJC_ROOT_CLASS = YES_ERROR;
				CLANG_WARN_QUOTED_INCLUDE_IN_FRAMEWORK_HEADER = YES;
				CLANG_WARN_RANGE_LOOP_ANALYSIS = YES;
				CLANG_WARN_STRICT_PROTOTYPES = YES;
				CLANG_WARN_SUSPICIOUS_MOVE = YES;
				CLANG_WARN_UNGUARDED_AVAILABILITY = YES_AGGRESSIVE;
				CLANG_WARN_UNREACHABLE_CODE = YES;
				CLANG_WARN__DUPLICATE_METHOD_MATCH = YES;
				COPY_PHASE_STRIP = NO;
				DEBUG_INFORMATION_FORMAT = dwarf;
				ENABLE_STRICT_OBJC_MSGSEND = YES;
				ENABLE_TESTABILITY = YES;
				GCC_C_LANGUAGE_STANDARD = gnu11;
				GCC_DYNAMIC_NO_PIC = NO;
				GCC_NO_COMMON_BLOCKS = YES;
				GCC_OPTIMIZATION_LEVEL = 0;
				GCC_PREPROCESSOR_DEFINITIONS = (
					"DEBUG=1",
					"$(inherited)",
				);
				GCC_WARN_64_TO_32_BIT_CONVERSION = YES;
				GCC_WARN_ABOUT_RETURN_TYPE = YES_ERROR;
				GCC_WARN_UNDECLARED_SELECTOR = YES;
				GCC_WARN_UNINITIALIZED_AUTOS = YES_AGGRESSIVE;
				GCC_WARN_UNUSED_FUNCTION = YES;
				GCC_WARN_UNUSED_VARIABLE = YES;
				IPHONEOS_DEPLOYMENT_TARGET = 14.3;
				MTL_ENABLE_DEBUG_INFO = INCLUDE_SOURCE;
				MTL_FAST_MATH = YES;
				ONLY_ACTIVE_ARCH = YES;
				SDKROOT = iphoneos;
				SWIFT_ACTIVE_COMPILATION_CONDITIONS = DEBUG;
				SWIFT_OPTIMIZATION_LEVEL = "-Onone";
			};
			name = Debug;
		};
		EBC1DD6C25D81881009BD660 /* Release */ = {
			isa = XCBuildConfiguration;
			buildSettings = {
				ALWAYS_SEARCH_USER_PATHS = NO;
				CLANG_ANALYZER_NONNULL = YES;
				CLANG_ANALYZER_NUMBER_OBJECT_CONVERSION = YES_AGGRESSIVE;
				CLANG_CXX_LANGUAGE_STANDARD = "gnu++14";
				CLANG_CXX_LIBRARY = "libc++";
				CLANG_ENABLE_MODULES = YES;
				CLANG_ENABLE_OBJC_ARC = YES;
				CLANG_ENABLE_OBJC_WEAK = YES;
				CLANG_WARN_BLOCK_CAPTURE_AUTORELEASING = YES;
				CLANG_WARN_BOOL_CONVERSION = YES;
				CLANG_WARN_COMMA = YES;
				CLANG_WARN_CONSTANT_CONVERSION = YES;
				CLANG_WARN_DEPRECATED_OBJC_IMPLEMENTATIONS = YES;
				CLANG_WARN_DIRECT_OBJC_ISA_USAGE = YES_ERROR;
				CLANG_WARN_DOCUMENTATION_COMMENTS = YES;
				CLANG_WARN_EMPTY_BODY = YES;
				CLANG_WARN_ENUM_CONVERSION = YES;
				CLANG_WARN_INFINITE_RECURSION = YES;
				CLANG_WARN_INT_CONVERSION = YES;
				CLANG_WARN_NON_LITERAL_NULL_CONVERSION = YES;
				CLANG_WARN_OBJC_IMPLICIT_RETAIN_SELF = YES;
				CLANG_WARN_OBJC_LITERAL_CONVERSION = YES;
				CLANG_WARN_OBJC_ROOT_CLASS = YES_ERROR;
				CLANG_WARN_QUOTED_INCLUDE_IN_FRAMEWORK_HEADER = YES;
				CLANG_WARN_RANGE_LOOP_ANALYSIS = YES;
				CLANG_WARN_STRICT_PROTOTYPES = YES;
				CLANG_WARN_SUSPICIOUS_MOVE = YES;
				CLANG_WARN_UNGUARDED_AVAILABILITY = YES_AGGRESSIVE;
				CLANG_WARN_UNREACHABLE_CODE = YES;
				CLANG_WARN__DUPLICATE_METHOD_MATCH = YES;
				COPY_PHASE_STRIP = NO;
				DEBUG_INFORMATION_FORMAT = "dwarf-with-dsym";
				ENABLE_NS_ASSERTIONS = NO;
				ENABLE_STRICT_OBJC_MSGSEND = YES;
				GCC_C_LANGUAGE_STANDARD = gnu11;
				GCC_NO_COMMON_BLOCKS = YES;
				GCC_WARN_64_TO_32_BIT_CONVERSION = YES;
				GCC_WARN_ABOUT_RETURN_TYPE = YES_ERROR;
				GCC_WARN_UNDECLARED_SELECTOR = YES;
				GCC_WARN_UNINITIALIZED_AUTOS = YES_AGGRESSIVE;
				GCC_WARN_UNUSED_FUNCTION = YES;
				GCC_WARN_UNUSED_VARIABLE = YES;
				IPHONEOS_DEPLOYMENT_TARGET = 14.3;
				MTL_ENABLE_DEBUG_INFO = NO;
				MTL_FAST_MATH = YES;
				SDKROOT = iphoneos;
				SWIFT_COMPILATION_MODE = wholemodule;
				SWIFT_OPTIMIZATION_LEVEL = "-O";
				VALIDATE_PRODUCT = YES;
			};
			name = Release;
		};
		EBC1DD6E25D81881009BD660 /* Debug */ = {
			isa = XCBuildConfiguration;
			baseConfigurationReference = 5C31FB00494822C281C3FD17 /* Pods-Slot-Machine-Part-02_v2.debug.xcconfig */;
			buildSettings = {
				ASSETCATALOG_COMPILER_APPICON_NAME = AppIcon;
				ASSETCATALOG_COMPILER_GLOBAL_ACCENT_COLOR_NAME = AccentColor;
				CODE_SIGN_STYLE = Automatic;
				DEVELOPMENT_TEAM = 556335494D;
				INFOPLIST_FILE = "Slot-Machine-Part-02_v2/Info.plist";
				LD_RUNPATH_SEARCH_PATHS = (
					"$(inherited)",
					"@executable_path/Frameworks",
				);
				PRODUCT_BUNDLE_IDENTIFIER = "ca.centennialcollege.mobile.Slot-Machine-Part-02-v2";
				PRODUCT_NAME = "$(TARGET_NAME)";
				SWIFT_VERSION = 5.0;
				TARGETED_DEVICE_FAMILY = "1,2";
			};
			name = Debug;
		};
		EBC1DD6F25D81881009BD660 /* Release */ = {
			isa = XCBuildConfiguration;
			baseConfigurationReference = 2D68F3C6CD6629A215E537C7 /* Pods-Slot-Machine-Part-02_v2.release.xcconfig */;
			buildSettings = {
				ASSETCATALOG_COMPILER_APPICON_NAME = AppIcon;
				ASSETCATALOG_COMPILER_GLOBAL_ACCENT_COLOR_NAME = AccentColor;
				CODE_SIGN_STYLE = Automatic;
				DEVELOPMENT_TEAM = 556335494D;
				INFOPLIST_FILE = "Slot-Machine-Part-02_v2/Info.plist";
				LD_RUNPATH_SEARCH_PATHS = (
					"$(inherited)",
					"@executable_path/Frameworks",
				);
				PRODUCT_BUNDLE_IDENTIFIER = "ca.centennialcollege.mobile.Slot-Machine-Part-02-v2";
				PRODUCT_NAME = "$(TARGET_NAME)";
				SWIFT_VERSION = 5.0;
				TARGETED_DEVICE_FAMILY = "1,2";
			};
			name = Release;
		};
/* End XCBuildConfiguration section */

/* Begin XCConfigurationList section */
		EBC1DD5425D8187E009BD660 /* Build configuration list for PBXProject "Slot-Machine-Part-02_v2" */ = {
			isa = XCConfigurationList;
			buildConfigurations = (
				EBC1DD6B25D81881009BD660 /* Debug */,
				EBC1DD6C25D81881009BD660 /* Release */,
			);
			defaultConfigurationIsVisible = 0;
			defaultConfigurationName = Release;
		};
		EBC1DD6D25D81881009BD660 /* Build configuration list for PBXNativeTarget "Slot-Machine-Part-02_v2" */ = {
			isa = XCConfigurationList;
			buildConfigurations = (
				EBC1DD6E25D81881009BD660 /* Debug */,
				EBC1DD6F25D81881009BD660 /* Release */,
			);
			defaultConfigurationIsVisible = 0;
			defaultConfigurationName = Release;
		};
/* End XCConfigurationList section */
	};
	rootObject = EBC1DD5125D8187E009BD660 /* Project object */;
}
